
Microsoft Visual Studio Solution File, Format Version 12.00
# Visual Studio Version 17
VisualStudioVersion = 17.12.35521.163 d17.12
MinimumVisualStudioVersion = 10.0.40219.1
Project("{FAE04EC0-301F-11D3-BF4B-00C04F79EFBC}") = "day18homework", "day18homework.csproj", "{92B575DF-B26B-4CD9-B00D-7E4388F83D94}"
EndProject
Global
	GlobalSection(SolutionConfigurationPlatforms) = preSolution
		Debug|Any CPU = Debug|Any CPU
		Release|Any CPU = Release|Any CPU
	EndGlobalSection
	GlobalSection(ProjectConfigurationPlatforms) = postSolution
		{92B575DF-B26B-4CD9-B00D-7E4388F83D94}.Debug|Any CPU.ActiveCfg = Debug|Any CPU
		{92B575DF-B26B-4CD9-B00D-7E4388F83D94}.Debug|Any CPU.Build.0 = Debug|Any CPU
		{92B575DF-B26B-4CD9-B00D-7E4388F83D94}.Release|Any CPU.ActiveCfg = Release|Any CPU
		{92B575DF-B26B-4CD9-B00D-7E4388F83D94}.Release|Any CPU.Build.0 = Release|Any CPU
	EndGlobalSection
	GlobalSection(SolutionProperties) = preSolution
		HideSolutionNode = FALSE
	EndGlobalSection
EndGlobal
